// !$*UTF8*$!
{
	archiveVersion = 1;
	classes = {
	};
	objectVersion = 48;
	objects = {

/* Begin PBXBuildFile section */
		5281FCB620804F1900D74EA7 /* AppDelegate.m in Sources */ = {isa = PBXBuildFile; fileRef = 5281FCB520804F1900D74EA7 /* AppDelegate.m */; };
		5281FCB920804F1900D74EA7 /* ViewController.m in Sources */ = {isa = PBXBuildFile; fileRef = 5281FCB820804F1900D74EA7 /* ViewController.m */; };
		5281FCBC20804F1900D74EA7 /* Main.storyboard in Resources */ = {isa = PBXBuildFile; fileRef = 5281FCBA20804F1900D74EA7 /* Main.storyboard */; };
		5281FCBE20804F1900D74EA7 /* Assets.xcassets in Resources */ = {isa = PBXBuildFile; fileRef = 5281FCBD20804F1900D74EA7 /* Assets.xcassets */; };
		5281FCC120804F1900D74EA7 /* LaunchScreen.storyboard in Resources */ = {isa = PBXBuildFile; fileRef = 5281FCBF20804F1900D74EA7 /* LaunchScreen.storyboard */; };
		5281FCC420804F1900D74EA7 /* main.m in Sources */ = {isa = PBXBuildFile; fileRef = 5281FCC320804F1900D74EA7 /* main.m */; };
		5281FCCB2081180C00D74EA7 /* MyMainModel.m in Sources */ = {isa = PBXBuildFile; fileRef = 5281FCCA2081180C00D74EA7 /* MyMainModel.m */; };
		5281FCCD2081182200D74EA7 /* Season.m in Sources */ = {isa = PBXBuildFile; fileRef = 5281FCCC2081182200D74EA7 /* Season.m */; };
		5281FCD320813EC800D74EA7 /* NetworkManager.m in Sources */ = {isa = PBXBuildFile; fileRef = 5281FCD220813EC800D74EA7 /* NetworkManager.m */; };
		5281FCD52081417C00D74EA7 /* Parser.m in Sources */ = {isa = PBXBuildFile; fileRef = 5281FCD42081417C00D74EA7 /* Parser.m */; };
/* End PBXBuildFile section */

/* Begin PBXFileReference section */
		5281FCB120804F1900D74EA7 /* GoT_Season_TableView_Objc.app */ = {isa = PBXFileReference; explicitFileType = wrapper.application; includeInIndex = 0; path = GoT_Season_TableView_Objc.app; sourceTree = BUILT_PRODUCTS_DIR; };
		5281FCB420804F1900D74EA7 /* AppDelegate.h */ = {isa = PBXFileReference; lastKnownFileType = sourcecode.c.h; path = AppDelegate.h; sourceTree = "<group>"; };
		5281FCB520804F1900D74EA7 /* AppDelegate.m */ = {isa = PBXFileReference; lastKnownFileType = sourcecode.c.objc; path = AppDelegate.m; sourceTree = "<group>"; };
		5281FCB720804F1900D74EA7 /* ViewController.h */ = {isa = PBXFileReference; lastKnownFileType = sourcecode.c.h; path = ViewController.h; sourceTree = "<group>"; };
		5281FCB820804F1900D74EA7 /* ViewController.m */ = {isa = PBXFileReference; lastKnownFileType = sourcecode.c.objc; path = ViewController.m; sourceTree = "<group>"; };
		5281FCBB20804F1900D74EA7 /* Base */ = {isa = PBXFileReference; lastKnownFileType = file.storyboard; name = Base; path = Base.lproj/Main.storyboard; sourceTree = "<group>"; };
		5281FCBD20804F1900D74EA7 /* Assets.xcassets */ = {isa = PBXFileReference; lastKnownFileType = folder.assetcatalog; path = Assets.xcassets; sourceTree = "<group>"; };
		5281FCC020804F1900D74EA7 /* Base */ = {isa = PBXFileReference; lastKnownFileType = file.storyboard; name = Base; path = Base.lproj/LaunchScreen.storyboard; sourceTree = "<group>"; };
		5281FCC220804F1900D74EA7 /* Info.plist */ = {isa = PBXFileReference; lastKnownFileType = text.plist.xml; path = Info.plist; sourceTree = "<group>"; };
		5281FCC320804F1900D74EA7 /* main.m */ = {isa = PBXFileReference; lastKnownFileType = sourcecode.c.objc; path = main.m; sourceTree = "<group>"; };
		5281FCCA2081180C00D74EA7 /* MyMainModel.m */ = {isa = PBXFileReference; lastKnownFileType = sourcecode.c.objc; path = MyMainModel.m; sourceTree = "<group>"; };
		5281FCCC2081182200D74EA7 /* Season.m */ = {isa = PBXFileReference; lastKnownFileType = sourcecode.c.objc; path = Season.m; sourceTree = "<group>"; };
		5281FCCE2081182900D74EA7 /* Season.h */ = {isa = PBXFileReference; lastKnownFileType = sourcecode.c.h; path = Season.h; sourceTree = "<group>"; };
		5281FCCF2081183300D74EA7 /* MyMainModel.h */ = {isa = PBXFileReference; lastKnownFileType = sourcecode.c.h; path = MyMainModel.h; sourceTree = "<group>"; };
		5281FCD120813EBB00D74EA7 /* NetworkManager.h */ = {isa = PBXFileReference; lastKnownFileType = sourcecode.c.h; path = NetworkManager.h; sourceTree = "<group>"; };
		5281FCD220813EC800D74EA7 /* NetworkManager.m */ = {isa = PBXFileReference; lastKnownFileType = sourcecode.c.objc; path = NetworkManager.m; sourceTree = "<group>"; };
		5281FCD42081417C00D74EA7 /* Parser.m */ = {isa = PBXFileReference; lastKnownFileType = sourcecode.c.objc; path = Parser.m; sourceTree = "<group>"; };
		5281FCD62081418100D74EA7 /* Parser.h */ = {isa = PBXFileReference; lastKnownFileType = sourcecode.c.h; path = Parser.h; sourceTree = "<group>"; };
/* End PBXFileReference section */

/* Begin PBXFrameworksBuildPhase section */
		5281FCAE20804F1900D74EA7 /* Frameworks */ = {
			isa = PBXFrameworksBuildPhase;
			buildActionMask = 2147483647;
			files = (
			);
			runOnlyForDeploymentPostprocessing = 0;
		};
/* End PBXFrameworksBuildPhase section */

/* Begin PBXGroup section */
		5281FCA820804F1900D74EA7 = {
			isa = PBXGroup;
			children = (
				5281FCB320804F1900D74EA7 /* GoT_Season_TableView_Objc */,
				5281FCB220804F1900D74EA7 /* Products */,
			);
			sourceTree = "<group>";
		};
		5281FCB220804F1900D74EA7 /* Products */ = {
			isa = PBXGroup;
			children = (
				5281FCB120804F1900D74EA7 /* GoT_Season_TableView_Objc.app */,
			);
			name = Products;
			sourceTree = "<group>";
		};
		5281FCB320804F1900D74EA7 /* GoT_Season_TableView_Objc */ = {
			isa = PBXGroup;
			children = (
				5281FCB420804F1900D74EA7 /* AppDelegate.h */,
				5281FCB520804F1900D74EA7 /* AppDelegate.m */,
				5281FCB720804F1900D74EA7 /* ViewController.h */,
				5281FCB820804F1900D74EA7 /* ViewController.m */,
				5281FCD120813EBB00D74EA7 /* NetworkManager.h */,
				5281FCD220813EC800D74EA7 /* NetworkManager.m */,
				5281FCD02081183900D74EA7 /* Model */,
				5281FCBA20804F1900D74EA7 /* Main.storyboard */,
				5281FCBD20804F1900D74EA7 /* Assets.xcassets */,
				5281FCBF20804F1900D74EA7 /* LaunchScreen.storyboard */,
				5281FCC220804F1900D74EA7 /* Info.plist */,
				5281FCC320804F1900D74EA7 /* main.m */,
			);
			path = GoT_Season_TableView_Objc;
			sourceTree = "<group>";
		};
		5281FCD02081183900D74EA7 /* Model */ = {
			isa = PBXGroup;
			children = (
				5281FCD62081418100D74EA7 /* Parser.h */,
				5281FCD42081417C00D74EA7 /* Parser.m */,
				5281FCCF2081183300D74EA7 /* MyMainModel.h */,
				5281FCCA2081180C00D74EA7 /* MyMainModel.m */,
				5281FCCE2081182900D74EA7 /* Season.h */,
				5281FCCC2081182200D74EA7 /* Season.m */,
			);
			path = Model;
			sourceTree = "<group>";
		};
/* End PBXGroup section */

/* Begin PBXNativeTarget section */
		5281FCB020804F1900D74EA7 /* GoT_Season_TableView_Objc */ = {
			isa = PBXNativeTarget;
			buildConfigurationList = 5281FCC720804F1900D74EA7 /* Build configuration list for PBXNativeTarget "GoT_Season_TableView_Objc" */;
			buildPhases = (
				5281FCAD20804F1900D74EA7 /* Sources */,
				5281FCAE20804F1900D74EA7 /* Frameworks */,
				5281FCAF20804F1900D74EA7 /* Resources */,
			);
			buildRules = (
			);
			dependencies = (
			);
			name = GoT_Season_TableView_Objc;
			productName = GoT_Season_TableView_Objc;
			productReference = 5281FCB120804F1900D74EA7 /* GoT_Season_TableView_Objc.app */;
			productType = "com.apple.product-type.application";
		};
/* End PBXNativeTarget section */

/* Begin PBXProject section */
		5281FCA920804F1900D74EA7 /* Project object */ = {
			isa = PBXProject;
			attributes = {
				LastUpgradeCheck = 0920;
				ORGANIZATIONNAME = "Kevin Yan";
				TargetAttributes = {
					5281FCB020804F1900D74EA7 = {
						CreatedOnToolsVersion = 9.2;
						ProvisioningStyle = Automatic;
					};
				};
			};
			buildConfigurationList = 5281FCAC20804F1900D74EA7 /* Build configuration list for PBXProject "GoT_Season_TableView_Objc" */;
			compatibilityVersion = "Xcode 8.0";
			developmentRegion = en;
			hasScannedForEncodings = 0;
			knownRegions = (
				en,
				Base,
			);
			mainGroup = 5281FCA820804F1900D74EA7;
			productRefGroup = 5281FCB220804F1900D74EA7 /* Products */;
			projectDirPath = "";
			projectRoot = "";
			targets = (
				5281FCB020804F1900D74EA7 /* GoT_Season_TableView_Objc */,
			);
		};
/* End PBXProject section */

/* Begin PBXResourcesBuildPhase section */
		5281FCAF20804F1900D74EA7 /* Resources */ = {
			isa = PBXResourcesBuildPhase;
			buildActionMask = 2147483647;
			files = (
				5281FCC120804F1900D74EA7 /* LaunchScreen.storyboard in Resources */,
				5281FCBE20804F1900D74EA7 /* Assets.xcassets in Resources */,
				5281FCBC20804F1900D74EA7 /* Main.storyboard in Resources */,
			);
			runOnlyForDeploymentPostprocessing = 0;
		};
/* End PBXResourcesBuildPhase section */

/* Begin PBXSourcesBuildPhase section */
		5281FCAD20804F1900D74EA7 /* Sources */ = {
			isa = PBXSourcesBuildPhase;
			buildActionMask = 2147483647;
			files = (
				5281FCCB2081180C00D74EA7 /* MyMainModel.m in Sources */,
				5281FCB920804F1900D74EA7 /* ViewController.m in Sources */,
				5281FCCD2081182200D74EA7 /* Season.m in Sources */,
				5281FCC420804F1900D74EA7 /* main.m in Sources */,
				5281FCD320813EC800D74EA7 /* NetworkManager.m in Sources */,
				5281FCD52081417C00D74EA7 /* Parser.m in Sources */,
				5281FCB620804F1900D74EA7 /* AppDelegate.m in Sources */,
			);
			runOnlyForDeploymentPostprocessing = 0;
		};
/* End PBXSourcesBuildPhase section */

/* Begin PBXVariantGroup section */
		5281FCBA20804F1900D74EA7 /* Main.storyboard */ = {
			isa = PBXVariantGroup;
			children = (
				5281FCBB20804F1900D74EA7 /* Base */,
			);
			name = Main.storyboard;
			sourceTree = "<group>";
		};
		5281FCBF20804F1900D74EA7 /* LaunchScreen.storyboard */ = {
			isa = PBXVariantGroup;
			children = (
				5281FCC020804F1900D74EA7 /* Base */,
			);
			name = LaunchScreen.storyboard;
			sourceTree = "<group>";
		};
/* End PBXVariantGroup section */

/* Begin XCBuildConfiguration section */
		5281FCC520804F1900D74EA7 /* Debug */ = {
			isa = XCBuildConfiguration;
			buildSettings = {
				ALWAYS_SEARCH_USER_PATHS = NO;
				CLANG_ANALYZER_NONNULL = YES;
				CLANG_ANALYZER_NUMBER_OBJECT_CONVERSION = YES_AGGRESSIVE;
				CLANG_CXX_LANGUAGE_STANDARD = "gnu++14";
				CLANG_CXX_LIBRARY = "libc++";
				CLANG_ENABLE_MODULES = YES;
				CLANG_ENABLE_OBJC_ARC = YES;
				CLANG_WARN_BLOCK_CAPTURE_AUTORELEASING = YES;
				CLANG_WARN_BOOL_CONVERSION = YES;
				CLANG_WARN_COMMA = YES;
				CLANG_WARN_CONSTANT_CONVERSION = YES;
				CLANG_WARN_DIRECT_OBJC_ISA_USAGE = YES_ERROR;
				CLANG_WARN_DOCUMENTATION_COMMENTS = YES;
				CLANG_WARN_EMPTY_BODY = YES;
				CLANG_WARN_ENUM_CONVERSION = YES;
				CLANG_WARN_INFINITE_RECURSION = YES;
				CLANG_WARN_INT_CONVERSION = YES;
				CLANG_WARN_NON_LITERAL_NULL_CONVERSION = YES;
				CLANG_WARN_OBJC_LITERAL_CONVERSION = YES;
				CLANG_WARN_OBJC_ROOT_CLASS = YES_ERROR;
				CLANG_WARN_RANGE_LOOP_ANALYSIS = YES;
				CLANG_WARN_STRICT_PROTOTYPES = YES;
				CLANG_WARN_SUSPICIOUS_MOVE = YES;
				CLANG_WARN_UNGUARDED_AVAILABILITY = YES_AGGRESSIVE;
				CLANG_WARN_UNREACHABLE_CODE = YES;
				CLANG_WARN__DUPLICATE_METHOD_MATCH = YES;
				CODE_SIGN_IDENTITY = "iPhone Developer";
				COPY_PHASE_STRIP = NO;
				DEBUG_INFORMATION_FORMAT = dwarf;
				ENABLE_STRICT_OBJC_MSGSEND = YES;
				ENABLE_TESTABILITY = YES;
				GCC_C_LANGUAGE_STANDARD = gnu11;
				GCC_DYNAMIC_NO_PIC = NO;
				GCC_NO_COMMON_BLOCKS = YES;
				GCC_OPTIMIZATION_LEVEL = 0;
				GCC_PREPROCESSOR_DEFINITIONS = (
					"DEBUG=1",
					"$(inherited)",
				);
				GCC_WARN_64_TO_32_BIT_CONVERSION = YES;
				GCC_WARN_ABOUT_RETURN_TYPE = YES_ERROR;
				GCC_WARN_UNDECLARED_SELECTOR = YES;
				GCC_WARN_UNINITIALIZED_AUTOS = YES_AGGRESSIVE;
				GCC_WARN_UNUSED_FUNCTION = YES;
				GCC_WARN_UNUSED_VARIABLE = YES;
				IPHONEOS_DEPLOYMENT_TARGET = 11.2;
				MTL_ENABLE_DEBUG_INFO = YES;
				ONLY_ACTIVE_ARCH = YES;
				SDKROOT = iphoneos;
			};
			name = Debug;
		};
		5281FCC620804F1900D74EA7 /* Release */ = {
			isa = XCBuildConfiguration;
			buildSettings = {
				ALWAYS_SEARCH_USER_PATHS = NO;
				CLANG_ANALYZER_NONNULL = YES;
				CLANG_ANALYZER_NUMBER_OBJECT_CONVERSION = YES_AGGRESSIVE;
				CLANG_CXX_LANGUAGE_STANDARD = "gnu++14";
				CLANG_CXX_LIBRARY = "libc++";
				CLANG_ENABLE_MODULES = YES;
				CLANG_ENABLE_OBJC_ARC = YES;
				CLANG_WARN_BLOCK_CAPTURE_AUTORELEASING = YES;
				CLANG_WARN_BOOL_CONVERSION = YES;
				CLANG_WARN_COMMA = YES;
				CLANG_WARN_CONSTANT_CONVERSION = YES;
				CLANG_WARN_DIRECT_OBJC_ISA_USAGE = YES_ERROR;
				CLANG_WARN_DOCUMENTATION_COMMENTS = YES;
				CLANG_WARN_EMPTY_BODY = YES;
				CLANG_WARN_ENUM_CONVERSION = YES;
				CLANG_WARN_INFINITE_RECURSION = YES;
				CLANG_WARN_INT_CONVERSION = YES;
				CLANG_WARN_NON_LITERAL_NULL_CONVERSION = YES;
				CLANG_WARN_OBJC_LITERAL_CONVERSION = YES;
				CLANG_WARN_OBJC_ROOT_CLASS = YES_ERROR;
				CLANG_WARN_RANGE_LOOP_ANALYSIS = YES;
				CLANG_WARN_STRICT_PROTOTYPES = YES;
				CLANG_WARN_SUSPICIOUS_MOVE = YES;
				CLANG_WARN_UNGUARDED_AVAILABILITY = YES_AGGRESSIVE;
				CLANG_WARN_UNREACHABLE_CODE = YES;
				CLANG_WARN__DUPLICATE_METHOD_MATCH = YES;
				CODE_SIGN_IDENTITY = "iPhone Developer";
				COPY_PHASE_STRIP = NO;
				DEBUG_INFORMATION_FORMAT = "dwarf-with-dsym";
				ENABLE_NS_ASSERTIONS = NO;
				ENABLE_STRICT_OBJC_MSGSEND = YES;
				GCC_C_LANGUAGE_STANDARD = gnu11;
				GCC_NO_COMMON_BLOCKS = YES;
				GCC_WARN_64_TO_32_BIT_CONVERSION = YES;
				GCC_WARN_ABOUT_RETURN_TYPE = YES_ERROR;
				GCC_WARN_UNDECLARED_SELECTOR = YES;
				GCC_WARN_UNINITIALIZED_AUTOS = YES_AGGRESSIVE;
				GCC_WARN_UNUSED_FUNCTION = YES;
				GCC_WARN_UNUSED_VARIABLE = YES;
				IPHONEOS_DEPLOYMENT_TARGET = 11.2;
				MTL_ENABLE_DEBUG_INFO = NO;
				SDKROOT = iphoneos;
				VALIDATE_PRODUCT = YES;
			};
			name = Release;
		};
		5281FCC820804F1900D74EA7 /* Debug */ = {
			isa = XCBuildConfiguration;
			buildSettings = {
				ASSETCATALOG_COMPILER_APPICON_NAME = AppIcon;
				CODE_SIGN_STYLE = Automatic;
				DEVELOPMENT_TEAM = GYX9ZA9RA8;
				INFOPLIST_FILE = GoT_Season_TableView_Objc/Info.plist;
				LD_RUNPATH_SEARCH_PATHS = "$(inherited) @executable_path/Frameworks";
				PRODUCT_BUNDLE_IDENTIFIER = "Kevin.Y.GoT-Season-TableView-Objc";
				PRODUCT_NAME = "$(TARGET_NAME)";
				TARGETED_DEVICE_FAMILY = "1,2";
			};
			name = Debug;
		};
		5281FCC920804F1900D74EA7 /* Release */ = {
			isa = XCBuildConfiguration;
			buildSettings = {
				ASSETCATALOG_COMPILER_APPICON_NAME = AppIcon;
				CODE_SIGN_STYLE = Automatic;
				DEVELOPMENT_TEAM = GYX9ZA9RA8;
				INFOPLIST_FILE = GoT_Season_TableView_Objc/Info.plist;
				LD_RUNPATH_SEARCH_PATHS = "$(inherited) @executable_path/Frameworks";
				PRODUCT_BUNDLE_IDENTIFIER = "Kevin.Y.GoT-Season-TableView-Objc";
				PRODUCT_NAME = "$(TARGET_NAME)";
				TARGETED_DEVICE_FAMILY = "1,2";
			};
			name = Release;
		};
/* End XCBuildConfiguration section */

/* Begin XCConfigurationList section */
		5281FCAC20804F1900D74EA7 /* Build configuration list for PBXProject "GoT_Season_TableView_Objc" */ = {
			isa = XCConfigurationList;
			buildConfigurations = (
				5281FCC520804F1900D74EA7 /* Debug */,
				5281FCC620804F1900D74EA7 /* Release */,
			);
			defaultConfigurationIsVisible = 0;
			defaultConfigurationName = Release;
		};
		5281FCC720804F1900D74EA7 /* Build configuration list for PBXNativeTarget "GoT_Season_TableView_Objc" */ = {
			isa = XCConfigurationList;
			buildConfigurations = (
				5281FCC820804F1900D74EA7 /* Debug */,
				5281FCC920804F1900D74EA7 /* Release */,
			);
			defaultConfigurationIsVisible = 0;
			defaultConfigurationName = Release;
		};
/* End XCConfigurationList section */
	};
	rootObject = 5281FCA920804F1900D74EA7 /* Project object */;
}
